
Microsoft Visual Studio Solution File, Format Version 10.00
# Visual Studio 2008
Project("{FAE04EC0-301F-11D3-BF4B-00C04F79EFBC}") = "Volere Manager", "Volere Manager\Volere Manager.csproj", "{928632A1-09D3-4A03-97F9-52C4388797FD}"
EndProject
Global
	GlobalSection(SolutionConfigurationPlatforms) = preSolution
		Debug|Any CPU = Debug|Any CPU
		Release|Any CPU = Release|Any CPU
	EndGlobalSection
	GlobalSection(ProjectConfigurationPlatforms) = postSolution
		{928632A1-09D3-4A03-97F9-52C4388797FD}.Debug|Any CPU.ActiveCfg = Debug|Any CPU
		{928632A1-09D3-4A03-97F9-52C4388797FD}.Debug|Any CPU.Build.0 = Debug|Any CPU
		{928632A1-09D3-4A03-97F9-52C4388797FD}.Release|Any CPU.ActiveCfg = Release|Any CPU
		{928632A1-09D3-4A03-97F9-52C4388797FD}.Release|Any CPU.Build.0 = Release|Any CPU
	EndGlobalSection
	GlobalSection(SolutionProperties) = preSolution
		HideSolutionNode = FALSE
	EndGlobalSection
EndGlobal
